// !$*UTF8*$!
{
	archiveVersion = 1;
	classes = {
	};
	objectVersion = 56;
	objects = {

/* Begin PBXBuildFile section */
		FF1DE3A92A973EBD002BBAAE /* AppDelegate.swift in Sources */ = {isa = PBXBuildFile; fileRef = FF1DE3A82A973EBD002BBAAE /* AppDelegate.swift */; };
		FF1DE3AB2A973EBD002BBAAE /* SceneDelegate.swift in Sources */ = {isa = PBXBuildFile; fileRef = FF1DE3AA2A973EBD002BBAAE /* SceneDelegate.swift */; };
		FF1DE3AD2A973EBD002BBAAE /* ViewController.swift in Sources */ = {isa = PBXBuildFile; fileRef = FF1DE3AC2A973EBD002BBAAE /* ViewController.swift */; };
		FF1DE3B02A973EBD002BBAAE /* Main.storyboard in Resources */ = {isa = PBXBuildFile; fileRef = FF1DE3AE2A973EBD002BBAAE /* Main.storyboard */; };
		FF1DE3B22A973EBE002BBAAE /* Assets.xcassets in Resources */ = {isa = PBXBuildFile; fileRef = FF1DE3B12A973EBE002BBAAE /* Assets.xcassets */; };
		FF1DE3B52A973EBE002BBAAE /* LaunchScreen.storyboard in Resources */ = {isa = PBXBuildFile; fileRef = FF1DE3B32A973EBE002BBAAE /* LaunchScreen.storyboard */; };
		FF6962E72A9746B900015B73 /* LiveTvViewController.swift in Sources */ = {isa = PBXBuildFile; fileRef = FF6962E62A9746B900015B73 /* LiveTvViewController.swift */; };
		FF6962EA2A97607E00015B73 /* UIColor+Extension.swift in Sources */ = {isa = PBXBuildFile; fileRef = FF6962E92A97607E00015B73 /* UIColor+Extension.swift */; };
		FF6962EE2A9760A300015B73 /* UIView+Extension.swift in Sources */ = {isa = PBXBuildFile; fileRef = FF6962ED2A9760A300015B73 /* UIView+Extension.swift */; };
		FF6962F12A97697800015B73 /* PhotoCollectionViewCell.swift in Sources */ = {isa = PBXBuildFile; fileRef = FF6962F02A97697800015B73 /* PhotoCollectionViewCell.swift */; };
		FF6962F32A976A0000015B73 /* OverlappingFlowLayout.swift in Sources */ = {isa = PBXBuildFile; fileRef = FF6962F22A976A0000015B73 /* OverlappingFlowLayout.swift */; };
/* End PBXBuildFile section */

/* Begin PBXFileReference section */
		FF1DE3A52A973EBC002BBAAE /* TVScreeniOS.app */ = {isa = PBXFileReference; explicitFileType = wrapper.application; includeInIndex = 0; path = TVScreeniOS.app; sourceTree = BUILT_PRODUCTS_DIR; };
		FF1DE3A82A973EBD002BBAAE /* AppDelegate.swift */ = {isa = PBXFileReference; lastKnownFileType = sourcecode.swift; path = AppDelegate.swift; sourceTree = "<group>"; };
		FF1DE3AA2A973EBD002BBAAE /* SceneDelegate.swift */ = {isa = PBXFileReference; lastKnownFileType = sourcecode.swift; path = SceneDelegate.swift; sourceTree = "<group>"; };
		FF1DE3AC2A973EBD002BBAAE /* ViewController.swift */ = {isa = PBXFileReference; lastKnownFileType = sourcecode.swift; path = ViewController.swift; sourceTree = "<group>"; };
		FF1DE3AF2A973EBD002BBAAE /* Base */ = {isa = PBXFileReference; lastKnownFileType = file.storyboard; name = Base; path = Base.lproj/Main.storyboard; sourceTree = "<group>"; };
		FF1DE3B12A973EBE002BBAAE /* Assets.xcassets */ = {isa = PBXFileReference; lastKnownFileType = folder.assetcatalog; path = Assets.xcassets; sourceTree = "<group>"; };
		FF1DE3B42A973EBE002BBAAE /* Base */ = {isa = PBXFileReference; lastKnownFileType = file.storyboard; name = Base; path = Base.lproj/LaunchScreen.storyboard; sourceTree = "<group>"; };
		FF1DE3B62A973EBE002BBAAE /* Info.plist */ = {isa = PBXFileReference; lastKnownFileType = text.plist.xml; path = Info.plist; sourceTree = "<group>"; };
		FF6962E62A9746B900015B73 /* LiveTvViewController.swift */ = {isa = PBXFileReference; lastKnownFileType = sourcecode.swift; path = LiveTvViewController.swift; sourceTree = "<group>"; };
		FF6962E92A97607E00015B73 /* UIColor+Extension.swift */ = {isa = PBXFileReference; lastKnownFileType = sourcecode.swift; path = "UIColor+Extension.swift"; sourceTree = "<group>"; };
		FF6962ED2A9760A300015B73 /* UIView+Extension.swift */ = {isa = PBXFileReference; lastKnownFileType = sourcecode.swift; path = "UIView+Extension.swift"; sourceTree = "<group>"; };
		FF6962F02A97697800015B73 /* PhotoCollectionViewCell.swift */ = {isa = PBXFileReference; lastKnownFileType = sourcecode.swift; path = PhotoCollectionViewCell.swift; sourceTree = "<group>"; };
		FF6962F22A976A0000015B73 /* OverlappingFlowLayout.swift */ = {isa = PBXFileReference; lastKnownFileType = sourcecode.swift; path = OverlappingFlowLayout.swift; sourceTree = "<group>"; };
/* End PBXFileReference section */

/* Begin PBXFrameworksBuildPhase section */
		FF1DE3A22A973EBC002BBAAE /* Frameworks */ = {
			isa = PBXFrameworksBuildPhase;
			buildActionMask = 2147483647;
			files = (
			);
			runOnlyForDeploymentPostprocessing = 0;
		};
/* End PBXFrameworksBuildPhase section */

/* Begin PBXGroup section */
		FF1DE39C2A973EBC002BBAAE = {
			isa = PBXGroup;
			children = (
				FF1DE3A72A973EBC002BBAAE /* TVScreeniOS */,
				FF1DE3A62A973EBC002BBAAE /* Products */,
			);
			sourceTree = "<group>";
		};
		FF1DE3A62A973EBC002BBAAE /* Products */ = {
			isa = PBXGroup;
			children = (
				FF1DE3A52A973EBC002BBAAE /* TVScreeniOS.app */,
			);
			name = Products;
			sourceTree = "<group>";
		};
		FF1DE3A72A973EBC002BBAAE /* TVScreeniOS */ = {
			isa = PBXGroup;
			children = (
				FF6962E42A97410C00015B73 /* Models */,
				FF6962E32A97410600015B73 /* ViewModels */,
				FF6962E22A97410100015B73 /* Views */,
				FF6962E12A9740F700015B73 /* Resources */,
				FF6962E02A9740E000015B73 /* Supporting Files */,
				FF6962E52A97414000015B73 /* Storyboards */,
				FF1DE3B62A973EBE002BBAAE /* Info.plist */,
			);
			path = TVScreeniOS;
			sourceTree = "<group>";
		};
		FF6962E02A9740E000015B73 /* Supporting Files */ = {
			isa = PBXGroup;
			children = (
				FF1DE3A82A973EBD002BBAAE /* AppDelegate.swift */,
				FF1DE3AA2A973EBD002BBAAE /* SceneDelegate.swift */,
			);
			path = "Supporting Files";
			sourceTree = "<group>";
		};
		FF6962E12A9740F700015B73 /* Resources */ = {
			isa = PBXGroup;
			children = (
				FF6962E82A97606F00015B73 /* Utilities */,
				FF1DE3B12A973EBE002BBAAE /* Assets.xcassets */,
			);
			path = Resources;
			sourceTree = "<group>";
		};
		FF6962E22A97410100015B73 /* Views */ = {
			isa = PBXGroup;
			children = (
				FF6962EF2A97696200015B73 /* Cells */,
				FF1DE3AC2A973EBD002BBAAE /* ViewController.swift */,
				FF6962E62A9746B900015B73 /* LiveTvViewController.swift */,
			);
			path = Views;
			sourceTree = "<group>";
		};
		FF6962E32A97410600015B73 /* ViewModels */ = {
			isa = PBXGroup;
			children = (
			);
			path = ViewModels;
			sourceTree = "<group>";
		};
		FF6962E42A97410C00015B73 /* Models */ = {
			isa = PBXGroup;
			children = (
			);
			path = Models;
			sourceTree = "<group>";
		};
		FF6962E52A97414000015B73 /* Storyboards */ = {
			isa = PBXGroup;
			children = (
				FF1DE3AE2A973EBD002BBAAE /* Main.storyboard */,
				FF1DE3B32A973EBE002BBAAE /* LaunchScreen.storyboard */,
			);
			path = Storyboards;
			sourceTree = "<group>";
		};
		FF6962E82A97606F00015B73 /* Utilities */ = {
			isa = PBXGroup;
			children = (
				FF6962E92A97607E00015B73 /* UIColor+Extension.swift */,
				FF6962ED2A9760A300015B73 /* UIView+Extension.swift */,
				FF6962F22A976A0000015B73 /* OverlappingFlowLayout.swift */,
			);
			path = Utilities;
			sourceTree = "<group>";
		};
		FF6962EF2A97696200015B73 /* Cells */ = {
			isa = PBXGroup;
			children = (
				FF6962F02A97697800015B73 /* PhotoCollectionViewCell.swift */,
			);
			path = Cells;
			sourceTree = "<group>";
		};
/* End PBXGroup section */

/* Begin PBXNativeTarget section */
		FF1DE3A42A973EBC002BBAAE /* TVScreeniOS */ = {
			isa = PBXNativeTarget;
			buildConfigurationList = FF1DE3B92A973EBE002BBAAE /* Build configuration list for PBXNativeTarget "TVScreeniOS" */;
			buildPhases = (
				FF1DE3A12A973EBC002BBAAE /* Sources */,
				FF1DE3A22A973EBC002BBAAE /* Frameworks */,
				FF1DE3A32A973EBC002BBAAE /* Resources */,
			);
			buildRules = (
			);
			dependencies = (
			);
			name = TVScreeniOS;
			productName = TVScreeniOS;
			productReference = FF1DE3A52A973EBC002BBAAE /* TVScreeniOS.app */;
			productType = "com.apple.product-type.application";
		};
/* End PBXNativeTarget section */

/* Begin PBXProject section */
		FF1DE39D2A973EBC002BBAAE /* Project object */ = {
			isa = PBXProject;
			attributes = {
				BuildIndependentTargetsInParallel = 1;
				LastSwiftUpdateCheck = 1420;
				LastUpgradeCheck = 1420;
				TargetAttributes = {
					FF1DE3A42A973EBC002BBAAE = {
						CreatedOnToolsVersion = 14.2;
					};
				};
			};
			buildConfigurationList = FF1DE3A02A973EBC002BBAAE /* Build configuration list for PBXProject "TVScreeniOS" */;
			compatibilityVersion = "Xcode 14.0";
			developmentRegion = en;
			hasScannedForEncodings = 0;
			knownRegions = (
				en,
				Base,
			);
			mainGroup = FF1DE39C2A973EBC002BBAAE;
			productRefGroup = FF1DE3A62A973EBC002BBAAE /* Products */;
			projectDirPath = "";
			projectRoot = "";
			targets = (
				FF1DE3A42A973EBC002BBAAE /* TVScreeniOS */,
			);
		};
/* End PBXProject section */

/* Begin PBXResourcesBuildPhase section */
		FF1DE3A32A973EBC002BBAAE /* Resources */ = {
			isa = PBXResourcesBuildPhase;
			buildActionMask = 2147483647;
			files = (
				FF1DE3B52A973EBE002BBAAE /* LaunchScreen.storyboard in Resources */,
				FF1DE3B22A973EBE002BBAAE /* Assets.xcassets in Resources */,
				FF1DE3B02A973EBD002BBAAE /* Main.storyboard in Resources */,
			);
			runOnlyForDeploymentPostprocessing = 0;
		};
/* End PBXResourcesBuildPhase section */

/* Begin PBXSourcesBuildPhase section */
		FF1DE3A12A973EBC002BBAAE /* Sources */ = {
			isa = PBXSourcesBuildPhase;
			buildActionMask = 2147483647;
			files = (
				FF6962EE2A9760A300015B73 /* UIView+Extension.swift in Sources */,
				FF1DE3AD2A973EBD002BBAAE /* ViewController.swift in Sources */,
				FF1DE3A92A973EBD002BBAAE /* AppDelegate.swift in Sources */,
				FF6962F32A976A0000015B73 /* OverlappingFlowLayout.swift in Sources */,
				FF6962E72A9746B900015B73 /* LiveTvViewController.swift in Sources */,
				FF6962F12A97697800015B73 /* PhotoCollectionViewCell.swift in Sources */,
				FF1DE3AB2A973EBD002BBAAE /* SceneDelegate.swift in Sources */,
				FF6962EA2A97607E00015B73 /* UIColor+Extension.swift in Sources */,
			);
			runOnlyForDeploymentPostprocessing = 0;
		};
/* End PBXSourcesBuildPhase section */

/* Begin PBXVariantGroup section */
		FF1DE3AE2A973EBD002BBAAE /* Main.storyboard */ = {
			isa = PBXVariantGroup;
			children = (
				FF1DE3AF2A973EBD002BBAAE /* Base */,
			);
			name = Main.storyboard;
			sourceTree = "<group>";
		};
		FF1DE3B32A973EBE002BBAAE /* LaunchScreen.storyboard */ = {
			isa = PBXVariantGroup;
			children = (
				FF1DE3B42A973EBE002BBAAE /* Base */,
			);
			name = LaunchScreen.storyboard;
			sourceTree = "<group>";
		};
/* End PBXVariantGroup section */

/* Begin XCBuildConfiguration section */
		FF1DE3B72A973EBE002BBAAE /* Debug */ = {
			isa = XCBuildConfiguration;
			buildSettings = {
				ALWAYS_SEARCH_USER_PATHS = NO;
				CLANG_ANALYZER_NONNULL = YES;
				CLANG_ANALYZER_NUMBER_OBJECT_CONVERSION = YES_AGGRESSIVE;
				CLANG_CXX_LANGUAGE_STANDARD = "gnu++20";
				CLANG_ENABLE_MODULES = YES;
				CLANG_ENABLE_OBJC_ARC = YES;
				CLANG_ENABLE_OBJC_WEAK = YES;
				CLANG_WARN_BLOCK_CAPTURE_AUTORELEASING = YES;
				CLANG_WARN_BOOL_CONVERSION = YES;
				CLANG_WARN_COMMA = YES;
				CLANG_WARN_CONSTANT_CONVERSION = YES;
				CLANG_WARN_DEPRECATED_OBJC_IMPLEMENTATIONS = YES;
				CLANG_WARN_DIRECT_OBJC_ISA_USAGE = YES_ERROR;
				CLANG_WARN_DOCUMENTATION_COMMENTS = YES;
				CLANG_WARN_EMPTY_BODY = YES;
				CLANG_WARN_ENUM_CONVERSION = YES;
				CLANG_WARN_INFINITE_RECURSION = YES;
				CLANG_WARN_INT_CONVERSION = YES;
				CLANG_WARN_NON_LITERAL_NULL_CONVERSION = YES;
				CLANG_WARN_OBJC_IMPLICIT_RETAIN_SELF = YES;
				CLANG_WARN_OBJC_LITERAL_CONVERSION = YES;
				CLANG_WARN_OBJC_ROOT_CLASS = YES_ERROR;
				CLANG_WARN_QUOTED_INCLUDE_IN_FRAMEWORK_HEADER = YES;
				CLANG_WARN_RANGE_LOOP_ANALYSIS = YES;
				CLANG_WARN_STRICT_PROTOTYPES = YES;
				CLANG_WARN_SUSPICIOUS_MOVE = YES;
				CLANG_WARN_UNGUARDED_AVAILABILITY = YES_AGGRESSIVE;
				CLANG_WARN_UNREACHABLE_CODE = YES;
				CLANG_WARN__DUPLICATE_METHOD_MATCH = YES;
				COPY_PHASE_STRIP = NO;
				DEBUG_INFORMATION_FORMAT = dwarf;
				ENABLE_STRICT_OBJC_MSGSEND = YES;
				ENABLE_TESTABILITY = YES;
				GCC_C_LANGUAGE_STANDARD = gnu11;
				GCC_DYNAMIC_NO_PIC = NO;
				GCC_NO_COMMON_BLOCKS = YES;
				GCC_OPTIMIZATION_LEVEL = 0;
				GCC_PREPROCESSOR_DEFINITIONS = (
					"DEBUG=1",
					"$(inherited)",
				);
				GCC_WARN_64_TO_32_BIT_CONVERSION = YES;
				GCC_WARN_ABOUT_RETURN_TYPE = YES_ERROR;
				GCC_WARN_UNDECLARED_SELECTOR = YES;
				GCC_WARN_UNINITIALIZED_AUTOS = YES_AGGRESSIVE;
				GCC_WARN_UNUSED_FUNCTION = YES;
				GCC_WARN_UNUSED_VARIABLE = YES;
				IPHONEOS_DEPLOYMENT_TARGET = 16.2;
				MTL_ENABLE_DEBUG_INFO = INCLUDE_SOURCE;
				MTL_FAST_MATH = YES;
				ONLY_ACTIVE_ARCH = YES;
				SDKROOT = iphoneos;
				SWIFT_ACTIVE_COMPILATION_CONDITIONS = DEBUG;
				SWIFT_OPTIMIZATION_LEVEL = "-Onone";
			};
			name = Debug;
		};
		FF1DE3B82A973EBE002BBAAE /* Release */ = {
			isa = XCBuildConfiguration;
			buildSettings = {
				ALWAYS_SEARCH_USER_PATHS = NO;
				CLANG_ANALYZER_NONNULL = YES;
				CLANG_ANALYZER_NUMBER_OBJECT_CONVERSION = YES_AGGRESSIVE;
				CLANG_CXX_LANGUAGE_STANDARD = "gnu++20";
				CLANG_ENABLE_MODULES = YES;
				CLANG_ENABLE_OBJC_ARC = YES;
				CLANG_ENABLE_OBJC_WEAK = YES;
				CLANG_WARN_BLOCK_CAPTURE_AUTORELEASING = YES;
				CLANG_WARN_BOOL_CONVERSION = YES;
				CLANG_WARN_COMMA = YES;
				CLANG_WARN_CONSTANT_CONVERSION = YES;
				CLANG_WARN_DEPRECATED_OBJC_IMPLEMENTATIONS = YES;
				CLANG_WARN_DIRECT_OBJC_ISA_USAGE = YES_ERROR;
				CLANG_WARN_DOCUMENTATION_COMMENTS = YES;
				CLANG_WARN_EMPTY_BODY = YES;
				CLANG_WARN_ENUM_CONVERSION = YES;
				CLANG_WARN_INFINITE_RECURSION = YES;
				CLANG_WARN_INT_CONVERSION = YES;
				CLANG_WARN_NON_LITERAL_NULL_CONVERSION = YES;
				CLANG_WARN_OBJC_IMPLICIT_RETAIN_SELF = YES;
				CLANG_WARN_OBJC_LITERAL_CONVERSION = YES;
				CLANG_WARN_OBJC_ROOT_CLASS = YES_ERROR;
				CLANG_WARN_QUOTED_INCLUDE_IN_FRAMEWORK_HEADER = YES;
				CLANG_WARN_RANGE_LOOP_ANALYSIS = YES;
				CLANG_WARN_STRICT_PROTOTYPES = YES;
				CLANG_WARN_SUSPICIOUS_MOVE = YES;
				CLANG_WARN_UNGUARDED_AVAILABILITY = YES_AGGRESSIVE;
				CLANG_WARN_UNREACHABLE_CODE = YES;
				CLANG_WARN__DUPLICATE_METHOD_MATCH = YES;
				COPY_PHASE_STRIP = NO;
				DEBUG_INFORMATION_FORMAT = "dwarf-with-dsym";
				ENABLE_NS_ASSERTIONS = NO;
				ENABLE_STRICT_OBJC_MSGSEND = YES;
				GCC_C_LANGUAGE_STANDARD = gnu11;
				GCC_NO_COMMON_BLOCKS = YES;
				GCC_WARN_64_TO_32_BIT_CONVERSION = YES;
				GCC_WARN_ABOUT_RETURN_TYPE = YES_ERROR;
				GCC_WARN_UNDECLARED_SELECTOR = YES;
				GCC_WARN_UNINITIALIZED_AUTOS = YES_AGGRESSIVE;
				GCC_WARN_UNUSED_FUNCTION = YES;
				GCC_WARN_UNUSED_VARIABLE = YES;
				IPHONEOS_DEPLOYMENT_TARGET = 16.2;
				MTL_ENABLE_DEBUG_INFO = NO;
				MTL_FAST_MATH = YES;
				SDKROOT = iphoneos;
				SWIFT_COMPILATION_MODE = wholemodule;
				SWIFT_OPTIMIZATION_LEVEL = "-O";
				VALIDATE_PRODUCT = YES;
			};
			name = Release;
		};
		FF1DE3BA2A973EBE002BBAAE /* Debug */ = {
			isa = XCBuildConfiguration;
			buildSettings = {
				ASSETCATALOG_COMPILER_APPICON_NAME = AppIcon;
				ASSETCATALOG_COMPILER_GLOBAL_ACCENT_COLOR_NAME = AccentColor;
				CODE_SIGN_STYLE = Automatic;
				CURRENT_PROJECT_VERSION = 1;
				DEVELOPMENT_TEAM = X2RD7CMC4B;
				GENERATE_INFOPLIST_FILE = YES;
				INFOPLIST_FILE = TVScreeniOS/Info.plist;
				INFOPLIST_KEY_UIApplicationSupportsIndirectInputEvents = YES;
				INFOPLIST_KEY_UILaunchStoryboardName = LaunchScreen;
				INFOPLIST_KEY_UIMainStoryboardFile = Main;
				INFOPLIST_KEY_UISupportedInterfaceOrientations_iPad = "UIInterfaceOrientationPortrait UIInterfaceOrientationPortraitUpsideDown UIInterfaceOrientationLandscapeLeft UIInterfaceOrientationLandscapeRight";
				INFOPLIST_KEY_UISupportedInterfaceOrientations_iPhone = "UIInterfaceOrientationPortrait UIInterfaceOrientationLandscapeLeft UIInterfaceOrientationLandscapeRight";
				LD_RUNPATH_SEARCH_PATHS = (
					"$(inherited)",
					"@executable_path/Frameworks",
				);
				MARKETING_VERSION = 1.0;
				PRODUCT_BUNDLE_IDENTIFIER = com.test.bag.TVScreeniOS;
				PRODUCT_NAME = "$(TARGET_NAME)";
				SWIFT_EMIT_LOC_STRINGS = YES;
				SWIFT_VERSION = 5.0;
				TARGETED_DEVICE_FAMILY = "1,2";
			};
			name = Debug;
		};
		FF1DE3BB2A973EBE002BBAAE /* Release */ = {
			isa = XCBuildConfiguration;
			buildSettings = {
				ASSETCATALOG_COMPILER_APPICON_NAME = AppIcon;
				ASSETCATALOG_COMPILER_GLOBAL_ACCENT_COLOR_NAME = AccentColor;
				CODE_SIGN_STYLE = Automatic;
				CURRENT_PROJECT_VERSION = 1;
				DEVELOPMENT_TEAM = X2RD7CMC4B;
				GENERATE_INFOPLIST_FILE = YES;
				INFOPLIST_FILE = TVScreeniOS/Info.plist;
				INFOPLIST_KEY_UIApplicationSupportsIndirectInputEvents = YES;
				INFOPLIST_KEY_UILaunchStoryboardName = LaunchScreen;
				INFOPLIST_KEY_UIMainStoryboardFile = Main;
				INFOPLIST_KEY_UISupportedInterfaceOrientations_iPad = "UIInterfaceOrientationPortrait UIInterfaceOrientationPortraitUpsideDown UIInterfaceOrientationLandscapeLeft UIInterfaceOrientationLandscapeRight";
				INFOPLIST_KEY_UISupportedInterfaceOrientations_iPhone = "UIInterfaceOrientationPortrait UIInterfaceOrientationLandscapeLeft UIInterfaceOrientationLandscapeRight";
				LD_RUNPATH_SEARCH_PATHS = (
					"$(inherited)",
					"@executable_path/Frameworks",
				);
				MARKETING_VERSION = 1.0;
				PRODUCT_BUNDLE_IDENTIFIER = com.test.bag.TVScreeniOS;
				PRODUCT_NAME = "$(TARGET_NAME)";
				SWIFT_EMIT_LOC_STRINGS = YES;
				SWIFT_VERSION = 5.0;
				TARGETED_DEVICE_FAMILY = "1,2";
			};
			name = Release;
		};
/* End XCBuildConfiguration section */

/* Begin XCConfigurationList section */
		FF1DE3A02A973EBC002BBAAE /* Build configuration list for PBXProject "TVScreeniOS" */ = {
			isa = XCConfigurationList;
			buildConfigurations = (
				FF1DE3B72A973EBE002BBAAE /* Debug */,
				FF1DE3B82A973EBE002BBAAE /* Release */,
			);
			defaultConfigurationIsVisible = 0;
			defaultConfigurationName = Release;
		};
		FF1DE3B92A973EBE002BBAAE /* Build configuration list for PBXNativeTarget "TVScreeniOS" */ = {
			isa = XCConfigurationList;
			buildConfigurations = (
				FF1DE3BA2A973EBE002BBAAE /* Debug */,
				FF1DE3BB2A973EBE002BBAAE /* Release */,
			);
			defaultConfigurationIsVisible = 0;
			defaultConfigurationName = Release;
		};
/* End XCConfigurationList section */
	};
	rootObject = FF1DE39D2A973EBC002BBAAE /* Project object */;
}
